
Microsoft Visual Studio Solution File, Format Version 12.00
# Visual Studio Version 16
VisualStudioVersion = 16.0.29411.108
MinimumVisualStudioVersion = 10.0.40219.1
Project("{FAE04EC0-301F-11D3-BF4B-00C04F79EFBC}") = "Jawwi.web", "Jawwi.web\Jawwi.web.csproj", "{AEB176CA-241B-4466-8AC3-3BBE9C4AFB5D}"
EndProject
Project("{FAE04EC0-301F-11D3-BF4B-00C04F79EFBC}") = "Jawwi.DB", "Jawwi.DB\Jawwi.DB.csproj", "{081AA872-ADB2-4B55-92ED-7393B7D1F466}"
EndProject
Project("{FAE04EC0-301F-11D3-BF4B-00C04F79EFBC}") = "Jawwi.Models", "Jawwi.Models\Jawwi.Models.csproj", "{E945F33E-4E5C-4CD1-A266-BF5A3CF763E1}"
EndProject
Project("{FAE04EC0-301F-11D3-BF4B-00C04F79EFBC}") = "Jawwi.Services", "Jawwi.Services\Jawwi.Services.csproj", "{0B89D24B-614D-49F8-8063-AB38E714D05F}"
EndProject
Global
	GlobalSection(SolutionConfigurationPlatforms) = preSolution
		Debug|Any CPU = Debug|Any CPU
		Release|Any CPU = Release|Any CPU
	EndGlobalSection
	GlobalSection(ProjectConfigurationPlatforms) = postSolution
		{AEB176CA-241B-4466-8AC3-3BBE9C4AFB5D}.Debug|Any CPU.ActiveCfg = Debug|Any CPU
		{AEB176CA-241B-4466-8AC3-3BBE9C4AFB5D}.Debug|Any CPU.Build.0 = Debug|Any CPU
		{AEB176CA-241B-4466-8AC3-3BBE9C4AFB5D}.Release|Any CPU.ActiveCfg = Release|Any CPU
		{AEB176CA-241B-4466-8AC3-3BBE9C4AFB5D}.Release|Any CPU.Build.0 = Release|Any CPU
		{081AA872-ADB2-4B55-92ED-7393B7D1F466}.Debug|Any CPU.ActiveCfg = Debug|Any CPU
		{081AA872-ADB2-4B55-92ED-7393B7D1F466}.Debug|Any CPU.Build.0 = Debug|Any CPU
		{081AA872-ADB2-4B55-92ED-7393B7D1F466}.Release|Any CPU.ActiveCfg = Release|Any CPU
		{081AA872-ADB2-4B55-92ED-7393B7D1F466}.Release|Any CPU.Build.0 = Release|Any CPU
		{E945F33E-4E5C-4CD1-A266-BF5A3CF763E1}.Debug|Any CPU.ActiveCfg = Debug|Any CPU
		{E945F33E-4E5C-4CD1-A266-BF5A3CF763E1}.Debug|Any CPU.Build.0 = Debug|Any CPU
		{E945F33E-4E5C-4CD1-A266-BF5A3CF763E1}.Release|Any CPU.ActiveCfg = Release|Any CPU
		{E945F33E-4E5C-4CD1-A266-BF5A3CF763E1}.Release|Any CPU.Build.0 = Release|Any CPU
		{0B89D24B-614D-49F8-8063-AB38E714D05F}.Debug|Any CPU.ActiveCfg = Debug|Any CPU
		{0B89D24B-614D-49F8-8063-AB38E714D05F}.Debug|Any CPU.Build.0 = Debug|Any CPU
		{0B89D24B-614D-49F8-8063-AB38E714D05F}.Release|Any CPU.ActiveCfg = Release|Any CPU
		{0B89D24B-614D-49F8-8063-AB38E714D05F}.Release|Any CPU.Build.0 = Release|Any CPU
	EndGlobalSection
	GlobalSection(SolutionProperties) = preSolution
		HideSolutionNode = FALSE
	EndGlobalSection
	GlobalSection(ExtensibilityGlobals) = postSolution
		SolutionGuid = {6433F932-1CFE-45AA-AAE0-810A1F869DE2}
	EndGlobalSection
EndGlobal
